
Microsoft Visual Studio Solution File, Format Version 12.00
# Visual Studio Version 17
VisualStudioVersion = 17.11.35222.181
MinimumVisualStudioVersion = 10.0.40219.1
Project("{FAE04EC0-301F-11D3-BF4B-00C04F79EFBC}") = "23DH112330_MyStore", "23DH112330_MyStore\23DH112330_MyStore.csproj", "{EEA45532-78F3-4DC3-84BB-42A5FC2CBF88}"
EndProject
Global
	GlobalSection(SolutionConfigurationPlatforms) = preSolution
		Debug|Any CPU = Debug|Any CPU
		Release|Any CPU = Release|Any CPU
	EndGlobalSection
	GlobalSection(ProjectConfigurationPlatforms) = postSolution
		{EEA45532-78F3-4DC3-84BB-42A5FC2CBF88}.Debug|Any CPU.ActiveCfg = Debug|Any CPU
		{EEA45532-78F3-4DC3-84BB-42A5FC2CBF88}.Debug|Any CPU.Build.0 = Debug|Any CPU
		{EEA45532-78F3-4DC3-84BB-42A5FC2CBF88}.Release|Any CPU.ActiveCfg = Release|Any CPU
		{EEA45532-78F3-4DC3-84BB-42A5FC2CBF88}.Release|Any CPU.Build.0 = Release|Any CPU
	EndGlobalSection
	GlobalSection(SolutionProperties) = preSolution
		HideSolutionNode = FALSE
	EndGlobalSection
	GlobalSection(ExtensibilityGlobals) = postSolution
		SolutionGuid = {6611395F-A225-4416-A745-7319003939A5}
	EndGlobalSection
EndGlobal
